// !$*UTF8*$!
{
	archiveVersion = 1;
	classes = {
	};
	objectVersion = 46;
	objects = {

/* Begin PBXBuildFile section */
		C831D73C19BDC4370012DAF8 /* Cocoa.framework in Frameworks */ = {isa = PBXBuildFile; fileRef = C831D73B19BDC4370012DAF8 /* Cocoa.framework */; };
		C831D74619BDC4370012DAF8 /* InfoPlist.strings in Resources */ = {isa = PBXBuildFile; fileRef = C831D74419BDC4370012DAF8 /* InfoPlist.strings */; };
		C831D74819BDC4370012DAF8 /* main.m in Sources */ = {isa = PBXBuildFile; fileRef = C831D74719BDC4370012DAF8 /* main.m */; };
		C831D74C19BDC4370012DAF8 /* Credits.rtf in Resources */ = {isa = PBXBuildFile; fileRef = C831D74A19BDC4370012DAF8 /* Credits.rtf */; };
		C831D74F19BDC4370012DAF8 /* AppDelegate.m in Sources */ = {isa = PBXBuildFile; fileRef = C831D74E19BDC4370012DAF8 /* AppDelegate.m */; };
		C831D75219BDC4370012DAF8 /* MainMenu.xib in Resources */ = {isa = PBXBuildFile; fileRef = C831D75019BDC4370012DAF8 /* MainMenu.xib */; };
		C831D75419BDC4370012DAF8 /* Images.xcassets in Resources */ = {isa = PBXBuildFile; fileRef = C831D75319BDC4370012DAF8 /* Images.xcassets */; };
		C831D75B19BDC4370012DAF8 /* XCTest.framework in Frameworks */ = {isa = PBXBuildFile; fileRef = C831D75A19BDC4370012DAF8 /* XCTest.framework */; };
		C831D75C19BDC4370012DAF8 /* Cocoa.framework in Frameworks */ = {isa = PBXBuildFile; fileRef = C831D73B19BDC4370012DAF8 /* Cocoa.framework */; };
		C831D76419BDC4370012DAF8 /* InfoPlist.strings in Resources */ = {isa = PBXBuildFile; fileRef = C831D76219BDC4370012DAF8 /* InfoPlist.strings */; };
		C831D76619BDC4370012DAF8 /* hello_worldTests.m in Sources */ = {isa = PBXBuildFile; fileRef = C831D76519BDC4370012DAF8 /* hello_worldTests.m */; };
/* End PBXBuildFile section */

/* Begin PBXContainerItemProxy section */
		C831D75D19BDC4370012DAF8 /* PBXContainerItemProxy */ = {
			isa = PBXContainerItemProxy;
			containerPortal = C831D73019BDC4370012DAF8 /* Project object */;
			proxyType = 1;
			remoteGlobalIDString = C831D73719BDC4370012DAF8;
			remoteInfo = "hello world";
		};
/* End PBXContainerItemProxy section */

/* Begin PBXFileReference section */
		C831D73819BDC4370012DAF8 /* hello world.app */ = {isa = PBXFileReference; explicitFileType = wrapper.application; includeInIndex = 0; path = "hello world.app"; sourceTree = BUILT_PRODUCTS_DIR; };
		C831D73B19BDC4370012DAF8 /* Cocoa.framework */ = {isa = PBXFileReference; lastKnownFileType = wrapper.framework; name = Cocoa.framework; path = System/Library/Frameworks/Cocoa.framework; sourceTree = SDKROOT; };
		C831D73E19BDC4370012DAF8 /* AppKit.framework */ = {isa = PBXFileReference; lastKnownFileType = wrapper.framework; name = AppKit.framework; path = System/Library/Frameworks/AppKit.framework; sourceTree = SDKROOT; };
		C831D73F19BDC4370012DAF8 /* CoreData.framework */ = {isa = PBXFileReference; lastKnownFileType = wrapper.framework; name = CoreData.framework; path = System/Library/Frameworks/CoreData.framework; sourceTree = SDKROOT; };
		C831D74019BDC4370012DAF8 /* Foundation.framework */ = {isa = PBXFileReference; lastKnownFileType = wrapper.framework; name = Foundation.framework; path = System/Library/Frameworks/Foundation.framework; sourceTree = SDKROOT; };
		C831D74319BDC4370012DAF8 /* hello world-Info.plist */ = {isa = PBXFileReference; lastKnownFileType = text.plist.xml; path = "hello world-Info.plist"; sourceTree = "<group>"; };
		C831D74519BDC4370012DAF8 /* en */ = {isa = PBXFileReference; lastKnownFileType = text.plist.strings; name = en; path = en.lproj/InfoPlist.strings; sourceTree = "<group>"; };
		C831D74719BDC4370012DAF8 /* main.m */ = {isa = PBXFileReference; lastKnownFileType = sourcecode.c.objc; path = main.m; sourceTree = "<group>"; };
		C831D74919BDC4370012DAF8 /* hello world-Prefix.pch */ = {isa = PBXFileReference; lastKnownFileType = sourcecode.c.h; path = "hello world-Prefix.pch"; sourceTree = "<group>"; };
		C831D74B19BDC4370012DAF8 /* en */ = {isa = PBXFileReference; lastKnownFileType = text.rtf; name = en; path = en.lproj/Credits.rtf; sourceTree = "<group>"; };
		C831D74D19BDC4370012DAF8 /* AppDelegate.h */ = {isa = PBXFileReference; lastKnownFileType = sourcecode.c.h; path = AppDelegate.h; sourceTree = "<group>"; };
		C831D74E19BDC4370012DAF8 /* AppDelegate.m */ = {isa = PBXFileReference; lastKnownFileType = sourcecode.c.objc; path = AppDelegate.m; sourceTree = "<group>"; };
		C831D75119BDC4370012DAF8 /* Base */ = {isa = PBXFileReference; lastKnownFileType = file.xib; name = Base; path = Base.lproj/MainMenu.xib; sourceTree = "<group>"; };
		C831D75319BDC4370012DAF8 /* Images.xcassets */ = {isa = PBXFileReference; lastKnownFileType = folder.assetcatalog; path = Images.xcassets; sourceTree = "<group>"; };
		C831D75919BDC4370012DAF8 /* hello worldTests.xctest */ = {isa = PBXFileReference; explicitFileType = wrapper.cfbundle; includeInIndex = 0; path = "hello worldTests.xctest"; sourceTree = BUILT_PRODUCTS_DIR; };
		C831D75A19BDC4370012DAF8 /* XCTest.framework */ = {isa = PBXFileReference; lastKnownFileType = wrapper.framework; name = XCTest.framework; path = Library/Frameworks/XCTest.framework; sourceTree = DEVELOPER_DIR; };
		C831D76119BDC4370012DAF8 /* hello worldTests-Info.plist */ = {isa = PBXFileReference; lastKnownFileType = text.plist.xml; path = "hello worldTests-Info.plist"; sourceTree = "<group>"; };
		C831D76319BDC4370012DAF8 /* en */ = {isa = PBXFileReference; lastKnownFileType = text.plist.strings; name = en; path = en.lproj/InfoPlist.strings; sourceTree = "<group>"; };
		C831D76519BDC4370012DAF8 /* hello_worldTests.m */ = {isa = PBXFileReference; lastKnownFileType = sourcecode.c.objc; path = hello_worldTests.m; sourceTree = "<group>"; };
/* End PBXFileReference section */

/* Begin PBXFrameworksBuildPhase section */
		C831D73519BDC4370012DAF8 /* Frameworks */ = {
			isa = PBXFrameworksBuildPhase;
			buildActionMask = 2147483647;
			files = (
				C831D73C19BDC4370012DAF8 /* Cocoa.framework in Frameworks */,
			);
			runOnlyForDeploymentPostprocessing = 0;
		};
		C831D75619BDC4370012DAF8 /* Frameworks */ = {
			isa = PBXFrameworksBuildPhase;
			buildActionMask = 2147483647;
			files = (
				C831D75C19BDC4370012DAF8 /* Cocoa.framework in Frameworks */,
				C831D75B19BDC4370012DAF8 /* XCTest.framework in Frameworks */,
			);
			runOnlyForDeploymentPostprocessing = 0;
		};
/* End PBXFrameworksBuildPhase section */

/* Begin PBXGroup section */
		C831D72F19BDC4370012DAF8 = {
			isa = PBXGroup;
			children = (
				C831D74119BDC4370012DAF8 /* hello world */,
				C831D75F19BDC4370012DAF8 /* hello worldTests */,
				C831D73A19BDC4370012DAF8 /* Frameworks */,
				C831D73919BDC4370012DAF8 /* Products */,
			);
			sourceTree = "<group>";
		};
		C831D73919BDC4370012DAF8 /* Products */ = {
			isa = PBXGroup;
			children = (
				C831D73819BDC4370012DAF8 /* hello world.app */,
				C831D75919BDC4370012DAF8 /* hello worldTests.xctest */,
			);
			name = Products;
			sourceTree = "<group>";
		};
		C831D73A19BDC4370012DAF8 /* Frameworks */ = {
			isa = PBXGroup;
			children = (
				C831D73B19BDC4370012DAF8 /* Cocoa.framework */,
				C831D75A19BDC4370012DAF8 /* XCTest.framework */,
				C831D73D19BDC4370012DAF8 /* Other Frameworks */,
			);
			name = Frameworks;
			sourceTree = "<group>";
		};
		C831D73D19BDC4370012DAF8 /* Other Frameworks */ = {
			isa = PBXGroup;
			children = (
				C831D73E19BDC4370012DAF8 /* AppKit.framework */,
				C831D73F19BDC4370012DAF8 /* CoreData.framework */,
				C831D74019BDC4370012DAF8 /* Foundation.framework */,
			);
			name = "Other Frameworks";
			sourceTree = "<group>";
		};
		C831D74119BDC4370012DAF8 /* hello world */ = {
			isa = PBXGroup;
			children = (
				C831D74D19BDC4370012DAF8 /* AppDelegate.h */,
				C831D74E19BDC4370012DAF8 /* AppDelegate.m */,
				C831D75019BDC4370012DAF8 /* MainMenu.xib */,
				C831D75319BDC4370012DAF8 /* Images.xcassets */,
				C831D74219BDC4370012DAF8 /* Supporting Files */,
			);
			path = "hello world";
			sourceTree = "<group>";
		};
		C831D74219BDC4370012DAF8 /* Supporting Files */ = {
			isa = PBXGroup;
			children = (
				C831D74319BDC4370012DAF8 /* hello world-Info.plist */,
				C831D74419BDC4370012DAF8 /* InfoPlist.strings */,
				C831D74719BDC4370012DAF8 /* main.m */,
				C831D74919BDC4370012DAF8 /* hello world-Prefix.pch */,
				C831D74A19BDC4370012DAF8 /* Credits.rtf */,
			);
			name = "Supporting Files";
			sourceTree = "<group>";
		};
		C831D75F19BDC4370012DAF8 /* hello worldTests */ = {
			isa = PBXGroup;
			children = (
				C831D76519BDC4370012DAF8 /* hello_worldTests.m */,
				C831D76019BDC4370012DAF8 /* Supporting Files */,
			);
			path = "hello worldTests";
			sourceTree = "<group>";
		};
		C831D76019BDC4370012DAF8 /* Supporting Files */ = {
			isa = PBXGroup;
			children = (
				C831D76119BDC4370012DAF8 /* hello worldTests-Info.plist */,
				C831D76219BDC4370012DAF8 /* InfoPlist.strings */,
			);
			name = "Supporting Files";
			sourceTree = "<group>";
		};
/* End PBXGroup section */

/* Begin PBXNativeTarget section */
		C831D73719BDC4370012DAF8 /* hello world */ = {
			isa = PBXNativeTarget;
			buildConfigurationList = C831D76919BDC4370012DAF8 /* Build configuration list for PBXNativeTarget "hello world" */;
			buildPhases = (
				C831D73419BDC4370012DAF8 /* Sources */,
				C831D73519BDC4370012DAF8 /* Frameworks */,
				C831D73619BDC4370012DAF8 /* Resources */,
			);
			buildRules = (
			);
			dependencies = (
			);
			name = "hello world";
			productName = "hello world";
			productReference = C831D73819BDC4370012DAF8 /* hello world.app */;
			productType = "com.apple.product-type.application";
		};
		C831D75819BDC4370012DAF8 /* hello worldTests */ = {
			isa = PBXNativeTarget;
			buildConfigurationList = C831D76C19BDC4370012DAF8 /* Build configuration list for PBXNativeTarget "hello worldTests" */;
			buildPhases = (
				C831D75519BDC4370012DAF8 /* Sources */,
				C831D75619BDC4370012DAF8 /* Frameworks */,
				C831D75719BDC4370012DAF8 /* Resources */,
			);
			buildRules = (
			);
			dependencies = (
				C831D75E19BDC4370012DAF8 /* PBXTargetDependency */,
			);
			name = "hello worldTests";
			productName = "hello worldTests";
			productReference = C831D75919BDC4370012DAF8 /* hello worldTests.xctest */;
			productType = "com.apple.product-type.bundle.unit-test";
		};
/* End PBXNativeTarget section */

/* Begin PBXProject section */
		C831D73019BDC4370012DAF8 /* Project object */ = {
			isa = PBXProject;
			attributes = {
				LastUpgradeCheck = 0510;
				ORGANIZATIONNAME = "___FULLUSERNAME___";
				TargetAttributes = {
					C831D75819BDC4370012DAF8 = {
						TestTargetID = C831D73719BDC4370012DAF8;
					};
				};
			};
			buildConfigurationList = C831D73319BDC4370012DAF8 /* Build configuration list for PBXProject "hello world" */;
			compatibilityVersion = "Xcode 3.2";
			developmentRegion = English;
			hasScannedForEncodings = 0;
			knownRegions = (
				en,
				Base,
			);
			mainGroup = C831D72F19BDC4370012DAF8;
			productRefGroup = C831D73919BDC4370012DAF8 /* Products */;
			projectDirPath = "";
			projectRoot = "";
			targets = (
				C831D73719BDC4370012DAF8 /* hello world */,
				C831D75819BDC4370012DAF8 /* hello worldTests */,
			);
		};
/* End PBXProject section */

/* Begin PBXResourcesBuildPhase section */
		C831D73619BDC4370012DAF8 /* Resources */ = {
			isa = PBXResourcesBuildPhase;
			buildActionMask = 2147483647;
			files = (
				C831D74619BDC4370012DAF8 /* InfoPlist.strings in Resources */,
				C831D75419BDC4370012DAF8 /* Images.xcassets in Resources */,
				C831D74C19BDC4370012DAF8 /* Credits.rtf in Resources */,
				C831D75219BDC4370012DAF8 /* MainMenu.xib in Resources */,
			);
			runOnlyForDeploymentPostprocessing = 0;
		};
		C831D75719BDC4370012DAF8 /* Resources */ = {
			isa = PBXResourcesBuildPhase;
			buildActionMask = 2147483647;
			files = (
				C831D76419BDC4370012DAF8 /* InfoPlist.strings in Resources */,
			);
			runOnlyForDeploymentPostprocessing = 0;
		};
/* End PBXResourcesBuildPhase section */

/* Begin PBXSourcesBuildPhase section */
		C831D73419BDC4370012DAF8 /* Sources */ = {
			isa = PBXSourcesBuildPhase;
			buildActionMask = 2147483647;
			files = (
				C831D74F19BDC4370012DAF8 /* AppDelegate.m in Sources */,
				C831D74819BDC4370012DAF8 /* main.m in Sources */,
			);
			runOnlyForDeploymentPostprocessing = 0;
		};
		C831D75519BDC4370012DAF8 /* Sources */ = {
			isa = PBXSourcesBuildPhase;
			buildActionMask = 2147483647;
			files = (
				C831D76619BDC4370012DAF8 /* hello_worldTests.m in Sources */,
			);
			runOnlyForDeploymentPostprocessing = 0;
		};
/* End PBXSourcesBuildPhase section */

/* Begin PBXTargetDependency section */
		C831D75E19BDC4370012DAF8 /* PBXTargetDependency */ = {
			isa = PBXTargetDependency;
			target = C831D73719BDC4370012DAF8 /* hello world */;
			targetProxy = C831D75D19BDC4370012DAF8 /* PBXContainerItemProxy */;
		};
/* End PBXTargetDependency section */

/* Begin PBXVariantGroup section */
		C831D74419BDC4370012DAF8 /* InfoPlist.strings */ = {
			isa = PBXVariantGroup;
			children = (
				C831D74519BDC4370012DAF8 /* en */,
			);
			name = InfoPlist.strings;
			sourceTree = "<group>";
		};
		C831D74A19BDC4370012DAF8 /* Credits.rtf */ = {
			isa = PBXVariantGroup;
			children = (
				C831D74B19BDC4370012DAF8 /* en */,
			);
			name = Credits.rtf;
			sourceTree = "<group>";
		};
		C831D75019BDC4370012DAF8 /* MainMenu.xib */ = {
			isa = PBXVariantGroup;
			children = (
				C831D75119BDC4370012DAF8 /* Base */,
			);
			name = MainMenu.xib;
			sourceTree = "<group>";
		};
		C831D76219BDC4370012DAF8 /* InfoPlist.strings */ = {
			isa = PBXVariantGroup;
			children = (
				C831D76319BDC4370012DAF8 /* en */,
			);
			name = InfoPlist.strings;
			sourceTree = "<group>";
		};
/* End PBXVariantGroup section */

/* Begin XCBuildConfiguration section */
		C831D76719BDC4370012DAF8 /* Debug */ = {
			isa = XCBuildConfiguration;
			buildSettings = {
				ALWAYS_SEARCH_USER_PATHS = NO;
				CLANG_CXX_LANGUAGE_STANDARD = "gnu++0x";
				CLANG_CXX_LIBRARY = "libc++";
				CLANG_ENABLE_MODULES = YES;
				CLANG_ENABLE_OBJC_ARC = YES;
				CLANG_WARN_BOOL_CONVERSION = YES;
				CLANG_WARN_CONSTANT_CONVERSION = YES;
				CLANG_WARN_DIRECT_OBJC_ISA_USAGE = YES_ERROR;
				CLANG_WARN_EMPTY_BODY = YES;
				CLANG_WARN_ENUM_CONVERSION = YES;
				CLANG_WARN_INT_CONVERSION = YES;
				CLANG_WARN_OBJC_ROOT_CLASS = YES_ERROR;
				CLANG_WARN__DUPLICATE_METHOD_MATCH = YES;
				COPY_PHASE_STRIP = NO;
				GCC_C_LANGUAGE_STANDARD = gnu99;
				GCC_DYNAMIC_NO_PIC = NO;
				GCC_ENABLE_OBJC_EXCEPTIONS = YES;
				GCC_OPTIMIZATION_LEVEL = 0;
				GCC_PREPROCESSOR_DEFINITIONS = (
					"DEBUG=1",
					"$(inherited)",
				);
				GCC_SYMBOLS_PRIVATE_EXTERN = NO;
				GCC_WARN_64_TO_32_BIT_CONVERSION = YES;
				GCC_WARN_ABOUT_RETURN_TYPE = YES_ERROR;
				GCC_WARN_UNDECLARED_SELECTOR = YES;
				GCC_WARN_UNINITIALIZED_AUTOS = YES_AGGRESSIVE;
				GCC_WARN_UNUSED_FUNCTION = YES;
				GCC_WARN_UNUSED_VARIABLE = YES;
				MACOSX_DEPLOYMENT_TARGET = 10.9;
				ONLY_ACTIVE_ARCH = YES;
				SDKROOT = macosx;
			};
			name = Debug;
		};
		C831D76819BDC4370012DAF8 /* Release */ = {
			isa = XCBuildConfiguration;
			buildSettings = {
				ALWAYS_SEARCH_USER_PATHS = NO;
				CLANG_CXX_LANGUAGE_STANDARD = "gnu++0x";
				CLANG_CXX_LIBRARY = "libc++";
				CLANG_ENABLE_MODULES = YES;
				CLANG_ENABLE_OBJC_ARC = YES;
				CLANG_WARN_BOOL_CONVERSION = YES;
				CLANG_WARN_CONSTANT_CONVERSION = YES;
				CLANG_WARN_DIRECT_OBJC_ISA_USAGE = YES_ERROR;
				CLANG_WARN_EMPTY_BODY = YES;
				CLANG_WARN_ENUM_CONVERSION = YES;
				CLANG_WARN_INT_CONVERSION = YES;
				CLANG_WARN_OBJC_ROOT_CLASS = YES_ERROR;
				CLANG_WARN__DUPLICATE_METHOD_MATCH = YES;
				COPY_PHASE_STRIP = YES;
				DEBUG_INFORMATION_FORMAT = "dwarf-with-dsym";
				ENABLE_NS_ASSERTIONS = NO;
				GCC_C_LANGUAGE_STANDARD = gnu99;
				GCC_ENABLE_OBJC_EXCEPTIONS = YES;
				GCC_WARN_64_TO_32_BIT_CONVERSION = YES;
				GCC_WARN_ABOUT_RETURN_TYPE = YES_ERROR;
				GCC_WARN_UNDECLARED_SELECTOR = YES;
				GCC_WARN_UNINITIALIZED_AUTOS = YES_AGGRESSIVE;
				GCC_WARN_UNUSED_FUNCTION = YES;
				GCC_WARN_UNUSED_VARIABLE = YES;
				MACOSX_DEPLOYMENT_TARGET = 10.9;
				SDKROOT = macosx;
			};
			name = Release;
		};
		C831D76A19BDC4370012DAF8 /* Debug */ = {
			isa = XCBuildConfiguration;
			buildSettings = {
				ASSETCATALOG_COMPILER_APPICON_NAME = AppIcon;
				COMBINE_HIDPI_IMAGES = YES;
				GCC_PRECOMPILE_PREFIX_HEADER = YES;
				GCC_PREFIX_HEADER = "hello world/hello world-Prefix.pch";
				INFOPLIST_FILE = "hello world/hello world-Info.plist";
				PRODUCT_NAME = "$(TARGET_NAME)";
				WRAPPER_EXTENSION = app;
			};
			name = Debug;
		};
		C831D76B19BDC4370012DAF8 /* Release */ = {
			isa = XCBuildConfiguration;
			buildSettings = {
				ASSETCATALOG_COMPILER_APPICON_NAME = AppIcon;
				COMBINE_HIDPI_IMAGES = YES;
				GCC_PRECOMPILE_PREFIX_HEADER = YES;
				GCC_PREFIX_HEADER = "hello world/hello world-Prefix.pch";
				INFOPLIST_FILE = "hello world/hello world-Info.plist";
				PRODUCT_NAME = "$(TARGET_NAME)";
				WRAPPER_EXTENSION = app;
			};
			name = Release;
		};
		C831D76D19BDC4370012DAF8 /* Debug */ = {
			isa = XCBuildConfiguration;
			buildSettings = {
				BUNDLE_LOADER = "$(BUILT_PRODUCTS_DIR)/hello world.app/Contents/MacOS/hello world";
				COMBINE_HIDPI_IMAGES = YES;
				FRAMEWORK_SEARCH_PATHS = (
					"$(DEVELOPER_FRAMEWORKS_DIR)",
					"$(inherited)",
				);
				GCC_PRECOMPILE_PREFIX_HEADER = YES;
				GCC_PREFIX_HEADER = "hello world/hello world-Prefix.pch";
				GCC_PREPROCESSOR_DEFINITIONS = (
					"DEBUG=1",
					"$(inherited)",
				);
				INFOPLIST_FILE = "hello worldTests/hello worldTests-Info.plist";
				PRODUCT_NAME = "$(TARGET_NAME)";
				TEST_HOST = "$(BUNDLE_LOADER)";
				WRAPPER_EXTENSION = xctest;
			};
			name = Debug;
		};
		C831D76E19BDC4370012DAF8 /* Release */ = {
			isa = XCBuildConfiguration;
			buildSettings = {
				BUNDLE_LOADER = "$(BUILT_PRODUCTS_DIR)/hello world.app/Contents/MacOS/hello world";
				COMBINE_HIDPI_IMAGES = YES;
				FRAMEWORK_SEARCH_PATHS = (
					"$(DEVELOPER_FRAMEWORKS_DIR)",
					"$(inherited)",
				);
				GCC_PRECOMPILE_PREFIX_HEADER = YES;
				GCC_PREFIX_HEADER = "hello world/hello world-Prefix.pch";
				INFOPLIST_FILE = "hello worldTests/hello worldTests-Info.plist";
				PRODUCT_NAME = "$(TARGET_NAME)";
				TEST_HOST = "$(BUNDLE_LOADER)";
				WRAPPER_EXTENSION = xctest;
			};
			name = Release;
		};
/* End XCBuildConfiguration section */

/* Begin XCConfigurationList section */
		C831D73319BDC4370012DAF8 /* Build configuration list for PBXProject "hello world" */ = {
			isa = XCConfigurationList;
			buildConfigurations = (
				C831D76719BDC4370012DAF8 /* Debug */,
				C831D76819BDC4370012DAF8 /* Release */,
			);
			defaultConfigurationIsVisible = 0;
			defaultConfigurationName = Release;
		};
		C831D76919BDC4370012DAF8 /* Build configuration list for PBXNativeTarget "hello world" */ = {
			isa = XCConfigurationList;
			buildConfigurations = (
				C831D76A19BDC4370012DAF8 /* Debug */,
				C831D76B19BDC4370012DAF8 /* Release */,
			);
			defaultConfigurationIsVisible = 0;
		};
		C831D76C19BDC4370012DAF8 /* Build configuration list for PBXNativeTarget "hello worldTests" */ = {
			isa = XCConfigurationList;
			buildConfigurations = (
				C831D76D19BDC4370012DAF8 /* Debug */,
				C831D76E19BDC4370012DAF8 /* Release */,
			);
			defaultConfigurationIsVisible = 0;
		};
/* End XCConfigurationList section */
	};
	rootObject = C831D73019BDC4370012DAF8 /* Project object */;
}
